
Microsoft Visual Studio Solution File, Format Version 12.00
# Visual Studio Version 17
VisualStudioVersion = 17.3.32519.111
MinimumVisualStudioVersion = 10.0.40219.1
Project("{FAE04EC0-301F-11D3-BF4B-00C04F79EFBC}") = "C sharp Calculator", "C sharp Calculator\C sharp Calculator.csproj", "{7841029E-3D70-41BF-B5A6-CEECB36DB53D}"
EndProject
Global
	GlobalSection(SolutionConfigurationPlatforms) = preSolution
		Debug|Any CPU = Debug|Any CPU
		Release|Any CPU = Release|Any CPU
	EndGlobalSection
	GlobalSection(ProjectConfigurationPlatforms) = postSolution
		{7841029E-3D70-41BF-B5A6-CEECB36DB53D}.Debug|Any CPU.ActiveCfg = Debug|Any CPU
		{7841029E-3D70-41BF-B5A6-CEECB36DB53D}.Debug|Any CPU.Build.0 = Debug|Any CPU
		{7841029E-3D70-41BF-B5A6-CEECB36DB53D}.Release|Any CPU.ActiveCfg = Release|Any CPU
		{7841029E-3D70-41BF-B5A6-CEECB36DB53D}.Release|Any CPU.Build.0 = Release|Any CPU
	EndGlobalSection
	GlobalSection(SolutionProperties) = preSolution
		HideSolutionNode = FALSE
	EndGlobalSection
	GlobalSection(ExtensibilityGlobals) = postSolution
		SolutionGuid = {02AC89D1-2008-4222-9263-E45569FAE41F}
	EndGlobalSection
EndGlobal
